
Microsoft Visual Studio Solution File, Format Version 12.00
# Visual Studio Version 17
VisualStudioVersion = 17.0.31903.59
MinimumVisualStudioVersion = 10.0.40219.1
Project("{2150E333-8FDC-42A3-9474-1A3956D46DE8}") = "src", "src", "{821F37F2-A814-44BE-8840-D5B4D336CD64}"
EndProject
Project("{FAE04EC0-301F-11D3-BF4B-00C04F79EFBC}") = "KapePackBuilder", "src\KapePackBuilder\KapePackBuilder.csproj", "{DC76AA2A-05D1-4D81-A0C5-7D47D29DC5B8}"
EndProject
Project("{FAE04EC0-301F-11D3-BF4B-00C04F79EFBC}") = "KapePackRunner", "src\KapePackRunner\KapePackRunner.csproj", "{A1B2C3D4-E5F6-7890-ABCD-EF1234567890}"
EndProject
Project("{2150E333-8FDC-42A3-9474-1A3956D46DE8}") = "tests", "tests", "{13594737-73FF-4628-9E5A-4E6DCB31DC45}"
EndProject
Project("{FAE04EC0-301F-11D3-BF4B-00C04F79EFBC}") = "KapePackBuilder.Tests", "tests\KapePackBuilder.Tests\KapePackBuilder.Tests.csproj", "{DB5DAD65-8689-4A87-887B-7E4AC1F2BFA8}"
EndProject
Project("{FAE04EC0-301F-11D3-BF4B-00C04F79EFBC}") = "KapePack.Core", "src\KapePack.Core\KapePack.Core.csproj", "{B03EF55A-0D4C-4200-AA72-844220371D6E}"
EndProject
Global
	GlobalSection(SolutionConfigurationPlatforms) = preSolution
		Debug|Any CPU = Debug|Any CPU
		Release|Any CPU = Release|Any CPU
	EndGlobalSection
	GlobalSection(SolutionProperties) = preSolution
		HideSolutionNode = FALSE
	EndGlobalSection
	GlobalSection(ProjectConfigurationPlatforms) = postSolution
		{DC76AA2A-05D1-4D81-A0C5-7D47D29DC5B8}.Debug|Any CPU.ActiveCfg = Debug|Any CPU
		{DC76AA2A-05D1-4D81-A0C5-7D47D29DC5B8}.Debug|Any CPU.Build.0 = Debug|Any CPU
		{DC76AA2A-05D1-4D81-A0C5-7D47D29DC5B8}.Release|Any CPU.ActiveCfg = Release|Any CPU
		{DC76AA2A-05D1-4D81-A0C5-7D47D29DC5B8}.Release|Any CPU.Build.0 = Release|Any CPU
		{A1B2C3D4-E5F6-7890-ABCD-EF1234567890}.Debug|Any CPU.ActiveCfg = Debug|Any CPU
		{A1B2C3D4-E5F6-7890-ABCD-EF1234567890}.Debug|Any CPU.Build.0 = Debug|Any CPU
		{A1B2C3D4-E5F6-7890-ABCD-EF1234567890}.Release|Any CPU.ActiveCfg = Release|Any CPU
		{A1B2C3D4-E5F6-7890-ABCD-EF1234567890}.Release|Any CPU.Build.0 = Release|Any CPU
		{DB5DAD65-8689-4A87-887B-7E4AC1F2BFA8}.Debug|Any CPU.ActiveCfg = Debug|Any CPU
		{DB5DAD65-8689-4A87-887B-7E4AC1F2BFA8}.Debug|Any CPU.Build.0 = Debug|Any CPU
		{DB5DAD65-8689-4A87-887B-7E4AC1F2BFA8}.Release|Any CPU.ActiveCfg = Release|Any CPU
		{DB5DAD65-8689-4A87-887B-7E4AC1F2BFA8}.Release|Any CPU.Build.0 = Release|Any CPU
		{B03EF55A-0D4C-4200-AA72-844220371D6E}.Debug|Any CPU.ActiveCfg = Debug|Any CPU
		{B03EF55A-0D4C-4200-AA72-844220371D6E}.Debug|Any CPU.Build.0 = Debug|Any CPU
		{B03EF55A-0D4C-4200-AA72-844220371D6E}.Release|Any CPU.ActiveCfg = Release|Any CPU
		{B03EF55A-0D4C-4200-AA72-844220371D6E}.Release|Any CPU.Build.0 = Release|Any CPU
	EndGlobalSection
	GlobalSection(NestedProjects) = preSolution
		{DC76AA2A-05D1-4D81-A0C5-7D47D29DC5B8} = {821F37F2-A814-44BE-8840-D5B4D336CD64}
		{A1B2C3D4-E5F6-7890-ABCD-EF1234567890} = {821F37F2-A814-44BE-8840-D5B4D336CD64}
		{DB5DAD65-8689-4A87-887B-7E4AC1F2BFA8} = {13594737-73FF-4628-9E5A-4E6DCB31DC45}
		{B03EF55A-0D4C-4200-AA72-844220371D6E} = {821F37F2-A814-44BE-8840-D5B4D336CD64}
	EndGlobalSection
EndGlobal
